
Microsoft Visual Studio Solution File, Format Version 12.00
# Visual Studio Version 16
VisualStudioVersion = 16.0.33027.164
MinimumVisualStudioVersion = 10.0.40219.1
Project("{9A19103F-16F7-4668-BE54-9A1E7A4F7556}") = "MyToDo", "MyToDo\MyToDo.csproj", "{1892CFF2-05F2-47D0-AF3A-C082643EC530}"
EndProject
Project("{9A19103F-16F7-4668-BE54-9A1E7A4F7556}") = "MyToDo.Api", "MyToDo.Api\MyToDo.Api.csproj", "{67228B0C-C112-4EE9-BD1E-7AD2E0E17E26}"
EndProject
Project("{9A19103F-16F7-4668-BE54-9A1E7A4F7556}") = "MyToDo.Shared", "MyToDo.Shared\MyToDo.Shared.csproj", "{4CDC675A-25A5-41B5-A1EA-902D63A6FCF8}"
EndProject
Global
	GlobalSection(SolutionConfigurationPlatforms) = preSolution
		Debug|Any CPU = Debug|Any CPU
		Release|Any CPU = Release|Any CPU
	EndGlobalSection
	GlobalSection(ProjectConfigurationPlatforms) = postSolution
		{1892CFF2-05F2-47D0-AF3A-C082643EC530}.Debug|Any CPU.ActiveCfg = Debug|Any CPU
		{1892CFF2-05F2-47D0-AF3A-C082643EC530}.Debug|Any CPU.Build.0 = Debug|Any CPU
		{1892CFF2-05F2-47D0-AF3A-C082643EC530}.Release|Any CPU.ActiveCfg = Release|Any CPU
		{1892CFF2-05F2-47D0-AF3A-C082643EC530}.Release|Any CPU.Build.0 = Release|Any CPU
		{67228B0C-C112-4EE9-BD1E-7AD2E0E17E26}.Debug|Any CPU.ActiveCfg = Debug|Any CPU
		{67228B0C-C112-4EE9-BD1E-7AD2E0E17E26}.Debug|Any CPU.Build.0 = Debug|Any CPU
		{67228B0C-C112-4EE9-BD1E-7AD2E0E17E26}.Release|Any CPU.ActiveCfg = Release|Any CPU
		{67228B0C-C112-4EE9-BD1E-7AD2E0E17E26}.Release|Any CPU.Build.0 = Release|Any CPU
		{4CDC675A-25A5-41B5-A1EA-902D63A6FCF8}.Debug|Any CPU.ActiveCfg = Debug|Any CPU
		{4CDC675A-25A5-41B5-A1EA-902D63A6FCF8}.Debug|Any CPU.Build.0 = Debug|Any CPU
		{4CDC675A-25A5-41B5-A1EA-902D63A6FCF8}.Release|Any CPU.ActiveCfg = Release|Any CPU
		{4CDC675A-25A5-41B5-A1EA-902D63A6FCF8}.Release|Any CPU.Build.0 = Release|Any CPU
	EndGlobalSection
	GlobalSection(SolutionProperties) = preSolution
		HideSolutionNode = FALSE
	EndGlobalSection
	GlobalSection(ExtensibilityGlobals) = postSolution
		SolutionGuid = {5354B7D9-95B5-48A2-A2EF-8B7E5300A672}
	EndGlobalSection
EndGlobal
